
Microsoft Visual Studio Solution File, Format Version 12.00
# Visual Studio Version 16
VisualStudioVersion = 16.0.31624.102
MinimumVisualStudioVersion = 10.0.40219.1
Project("{FAE04EC0-301F-11D3-BF4B-00C04F79EFBC}") = "Vaskova-433", "Vaskova-433\Vaskova-433.csproj", "{6F22757E-3AD0-42F9-91C4-956BA2905A03}"
EndProject
Global
	GlobalSection(SolutionConfigurationPlatforms) = preSolution
		Debug|Any CPU = Debug|Any CPU
		Release|Any CPU = Release|Any CPU
	EndGlobalSection
	GlobalSection(ProjectConfigurationPlatforms) = postSolution
		{6F22757E-3AD0-42F9-91C4-956BA2905A03}.Debug|Any CPU.ActiveCfg = Debug|Any CPU
		{6F22757E-3AD0-42F9-91C4-956BA2905A03}.Debug|Any CPU.Build.0 = Debug|Any CPU
		{6F22757E-3AD0-42F9-91C4-956BA2905A03}.Release|Any CPU.ActiveCfg = Release|Any CPU
		{6F22757E-3AD0-42F9-91C4-956BA2905A03}.Release|Any CPU.Build.0 = Release|Any CPU
	EndGlobalSection
	GlobalSection(SolutionProperties) = preSolution
		HideSolutionNode = FALSE
	EndGlobalSection
	GlobalSection(ExtensibilityGlobals) = postSolution
		SolutionGuid = {44DC6111-A001-4559-9FE5-9BCE735AD7C2}
	EndGlobalSection
EndGlobal
